
Microsoft Visual Studio Solution File, Format Version 12.00
# Visual Studio Version 16
VisualStudioVersion = 16.0.31911.196
MinimumVisualStudioVersion = 10.0.40219.1
Project("{FAE04EC0-301F-11D3-BF4B-00C04F79EFBC}") = "Classe01", "Classe01\Classe01.csproj", "{E84D0BEF-A8E3-4BC6-930A-5260D09932F7}"
EndProject
Project("{FAE04EC0-301F-11D3-BF4B-00C04F79EFBC}") = "02.Metodos", "02.Metodos\02.Metodos.csproj", "{EB195030-D7DE-4285-AA87-A365671DFC5D}"
EndProject
Global
	GlobalSection(SolutionConfigurationPlatforms) = preSolution
		Debug|Any CPU = Debug|Any CPU
		Release|Any CPU = Release|Any CPU
	EndGlobalSection
	GlobalSection(ProjectConfigurationPlatforms) = postSolution
		{E84D0BEF-A8E3-4BC6-930A-5260D09932F7}.Debug|Any CPU.ActiveCfg = Debug|Any CPU
		{E84D0BEF-A8E3-4BC6-930A-5260D09932F7}.Debug|Any CPU.Build.0 = Debug|Any CPU
		{E84D0BEF-A8E3-4BC6-930A-5260D09932F7}.Release|Any CPU.ActiveCfg = Release|Any CPU
		{E84D0BEF-A8E3-4BC6-930A-5260D09932F7}.Release|Any CPU.Build.0 = Release|Any CPU
		{EB195030-D7DE-4285-AA87-A365671DFC5D}.Debug|Any CPU.ActiveCfg = Debug|Any CPU
		{EB195030-D7DE-4285-AA87-A365671DFC5D}.Debug|Any CPU.Build.0 = Debug|Any CPU
		{EB195030-D7DE-4285-AA87-A365671DFC5D}.Release|Any CPU.ActiveCfg = Release|Any CPU
		{EB195030-D7DE-4285-AA87-A365671DFC5D}.Release|Any CPU.Build.0 = Release|Any CPU
	EndGlobalSection
	GlobalSection(SolutionProperties) = preSolution
		HideSolutionNode = FALSE
	EndGlobalSection
	GlobalSection(ExtensibilityGlobals) = postSolution
		SolutionGuid = {0CFBD44A-D7C6-47B6-9A61-A2333C37D7D8}
	EndGlobalSection
EndGlobal
